# This file is automatically @generated by Cargo.
# It is not intended for manual editing.
[[package]]
name = "class"
version = "0.1.0"

[[package]]
name = "decoder"
version = "0.1.0"

[[package]]
name = "dex"
version = "0.1.0"

[[package]]
name = "elf"
version = "0.1.0"

[[package]]
name = "oat"
version = "0.1.0"

